{
    "_readme": [
        "This file locks the dependencies of your project to a known state",
        "Read more about it at https://getcomposer.org/doc/01-basic-usage.md#composer-lock-the-lock-file",
        "This file is @generated automatically"
    ],
    "content-hash": "df97a659bb83d2e76e298c6000142414",
    "packages": [
        {
            "name": "proteusthemes/wp-content-importer-v2",
            "version": "v2.0.3",
            "source": {
                "type": "git",
                "url": "https://github.com/proteusthemes/WordPress-Importer.git",
                "reference": "e6529965082b11d043cc00b518249205648b1713"
            },
            "dist": {
                "type": "zip",
                "url": "https://api.github.com/repos/proteusthemes/WordPress-Importer/zipball/e6529965082b11d043cc00b518249205648b1713",
                "reference": "e6529965082b11d043cc00b518249205648b1713",
                "shasum": ""
            },
            "type": "library",
            "autoload": {
                "psr-4": {
                    "ProteusThemes\\WPContentImporter2\\": "src/"
                }
            },
            "license": [
                "GPL-2.0+"
            ],
            "authors": [
                {
                    "name": "Gregor Capuder",
                    "email": "capuderg@gmail.com"
                },
                {
                    "name": "Primoz Cigler",
                    "email": "primoz@proteusnet.com"
                },
                {
                    "name": "Humanmade contributors",
                    "homepage": "https://github.com/humanmade/WordPress-Importer/graphs/contributors"
                }
            ],
            "description": "Improved WP content importer used in OCDI plugin and MerlinWP.",
            "keywords": [
                "content",
                "import",
                "proteusthemes",
                "theme",
                "wordpress",
                "wp"
            ],
            "support": {
                "source": "https://github.com/proteusthemes/WordPress-Importer/tree/v2.0.3"
            },
            "time": "2018-03-07T09:47:56+00:00"
        }
    ],
    "packages-dev": [],
    "aliases": [],
    "minimum-stability": "stable",
    "stability-flags": [],
    "prefer-stable": false,
    "prefer-lowest": false,
    "platform": [],
    "platform-dev": []
}
